
Microsoft Visual Studio Solution File, Format Version 12.00
# Visual Studio 15
VisualStudioVersion = 15.0.28307.421
MinimumVisualStudioVersion = 10.0.40219.1
Project("{FAE04EC0-301F-11D3-BF4B-00C04F79EFBC}") = "練習asp.net mvc", "練習asp.net mvc\練習asp.net mvc.csproj", "{5AA0D82B-0A65-4E8F-A020-EA9EFD5D1379}"
EndProject
Global
	GlobalSection(SolutionConfigurationPlatforms) = preSolution
		Debug|Any CPU = Debug|Any CPU
		Release|Any CPU = Release|Any CPU
	EndGlobalSection
	GlobalSection(ProjectConfigurationPlatforms) = postSolution
		{5AA0D82B-0A65-4E8F-A020-EA9EFD5D1379}.Debug|Any CPU.ActiveCfg = Debug|Any CPU
		{5AA0D82B-0A65-4E8F-A020-EA9EFD5D1379}.Debug|Any CPU.Build.0 = Debug|Any CPU
		{5AA0D82B-0A65-4E8F-A020-EA9EFD5D1379}.Release|Any CPU.ActiveCfg = Release|Any CPU
		{5AA0D82B-0A65-4E8F-A020-EA9EFD5D1379}.Release|Any CPU.Build.0 = Release|Any CPU
	EndGlobalSection
	GlobalSection(SolutionProperties) = preSolution
		HideSolutionNode = FALSE
	EndGlobalSection
	GlobalSection(ExtensibilityGlobals) = postSolution
		SolutionGuid = {55CAD5AB-E527-4159-A077-82B1D42797E6}
	EndGlobalSection
EndGlobal
